<?xml version="1.0" encoding="UTF-8" standalone="yes" ?>
<CodeBlocks_project_file>
	<FileVersion major="1" minor="6" />
	<Project>
		<Option title="Canvas 2D" />
		<Option pch_mode="2" />
		<Option compiler="gcc" />
		<Build>
			<Target title="Debug">
				<Option output="../__bin/Debug/canvas2d" prefix_auto="1" extension_auto="1" />
				<Option working_dir="../" />
				<Option object_output="../__obj/Debug/" />
				<Option type="1" />
				<Option compiler="gcc" />
				<Compiler>
					<Add option="-g" />
					<Add directory="./" />
					<Add directory="src" />
				</Compiler>
			</Target>
			<Target title="Release">
				<Option output="../__bin/Release/canvas2d" prefix_auto="1" extension_auto="1" />
				<Option working_dir="../" />
				<Option object_output="../__obj/Release/" />
				<Option type="1" />
				<Option compiler="gcc" />
				<Compiler>
					<Add option="-O2 -Wall" />
					<Add directory="./" />
					<Add directory="src" />
				</Compiler>
				<Linker>
					<Add option="-s" />
				</Linker>
			</Target>
		</Build>
		<Compiler>
			<Add option="-Wall" />
			<Add option="-fexceptions" />
			<Add option="-std=c++11" />
			<Add directory="../include" />
		</Compiler>
		<Linker>
			<Add library="../lib/libfreeglut32.a" />
			<Add library="../lib/libopengl32.a" />
			<Add library="../lib/libglu32.a" />
		</Linker>
		<Unit filename="src/Arestas.cpp" />
		<Unit filename="src/Arestas.h" />

		<Unit filename="src/Cilindro.cpp" />
		<Unit filename="src/Cilindro.h" />

		<Unit filename="src/Conteiner.cpp" />
		<Unit filename="src/Conteiner.h" />
		<Unit filename="src/EventListener.cpp" />
		<Unit filename="src/EventListener.h" />
		<Unit filename="src/Frames.cpp" />
		<Unit filename="src/Frames.h" />

		<Unit filename="src/Gear.cpp" />
		<Unit filename="src/Gear.h" />
		<Unit filename="src/Obj3D.cpp" />
		<Unit filename="src/Obj3D.h" />

		<Unit filename="src/Pistao.cpp" />
		<Unit filename="src/Pistao.h" />

		<Unit filename="src/Renderizable.cpp" />
		<Unit filename="src/Renderizable.h" />
		<Unit filename="src/Teclado.cpp" />
		<Unit filename="src/TextBox.cpp" />
		<Unit filename="src/TextBox.h" />
		<Unit filename="src/Vector2.cpp" />
		<Unit filename="src/Vector2.h" />
		<Unit filename="src/Vector3.cpp" />
		<Unit filename="src/Vector3.h" />
		<Unit filename="src/Virabrequim.cpp" />
		<Unit filename="src/Virabrequim.h" />
		<Unit filename="src/gl_canvas2d.cpp" />
		<Unit filename="src/gl_canvas2d.h" />
		<Unit filename="src/main.cpp" />

		<Extensions />
	</Project>
</CodeBlocks_project_file>
